
Microsoft Visual Studio Solution File, Format Version 12.00
# Visual Studio Version 16
VisualStudioVersion = 16.0.31205.134
MinimumVisualStudioVersion = 10.0.40219.1
Project("{FAE04EC0-301F-11D3-BF4B-00C04F79EFBC}") = "NuevoProyecto2", "NuevoProyecto2\NuevoProyecto2.csproj", "{EE12E17C-92BC-4243-8D45-D750DC4B668A}"
EndProject
Global
	GlobalSection(SolutionConfigurationPlatforms) = preSolution
		Debug|Any CPU = Debug|Any CPU
		Release|Any CPU = Release|Any CPU
	EndGlobalSection
	GlobalSection(ProjectConfigurationPlatforms) = postSolution
		{EE12E17C-92BC-4243-8D45-D750DC4B668A}.Debug|Any CPU.ActiveCfg = Debug|Any CPU
		{EE12E17C-92BC-4243-8D45-D750DC4B668A}.Debug|Any CPU.Build.0 = Debug|Any CPU
		{EE12E17C-92BC-4243-8D45-D750DC4B668A}.Release|Any CPU.ActiveCfg = Release|Any CPU
		{EE12E17C-92BC-4243-8D45-D750DC4B668A}.Release|Any CPU.Build.0 = Release|Any CPU
	EndGlobalSection
	GlobalSection(SolutionProperties) = preSolution
		HideSolutionNode = FALSE
	EndGlobalSection
	GlobalSection(ExtensibilityGlobals) = postSolution
		SolutionGuid = {DE85521A-3617-4DE2-A403-69FC400CC813}
	EndGlobalSection
EndGlobal
